
Microsoft Visual Studio Solution File, Format Version 12.00
# Visual Studio Version 17
VisualStudioVersion = 17.6.33829.357
MinimumVisualStudioVersion = 10.0.40219.1
Project("{FAE04EC0-301F-11D3-BF4B-00C04F79EFBC}") = "DelegatePrac", "DelegatePrac\DelegatePrac.csproj", "{0E847FBB-0540-4B59-96A6-D4E5EF25F1E5}"
EndProject
Global
	GlobalSection(SolutionConfigurationPlatforms) = preSolution
		Debug|Any CPU = Debug|Any CPU
		Release|Any CPU = Release|Any CPU
	EndGlobalSection
	GlobalSection(ProjectConfigurationPlatforms) = postSolution
		{0E847FBB-0540-4B59-96A6-D4E5EF25F1E5}.Debug|Any CPU.ActiveCfg = Debug|Any CPU
		{0E847FBB-0540-4B59-96A6-D4E5EF25F1E5}.Debug|Any CPU.Build.0 = Debug|Any CPU
		{0E847FBB-0540-4B59-96A6-D4E5EF25F1E5}.Release|Any CPU.ActiveCfg = Release|Any CPU
		{0E847FBB-0540-4B59-96A6-D4E5EF25F1E5}.Release|Any CPU.Build.0 = Release|Any CPU
	EndGlobalSection
	GlobalSection(SolutionProperties) = preSolution
		HideSolutionNode = FALSE
	EndGlobalSection
	GlobalSection(ExtensibilityGlobals) = postSolution
		SolutionGuid = {E6410B66-1153-4C9E-BD51-B21D8D2FFAAA}
	EndGlobalSection
EndGlobal
